{
  "originHash" : "4ecea8d1a025170d30d6167c34c94373afc8e24995a7e2630a9bb2573ae9ebf1",
  "pins" : [
    {
      "identity" : "rclog",
      "kind" : "remoteSourceControl",
      "location" : "https://github.com/cristibaluta/RClog.git",
      "state" : {
        "branch" : "master",
        "revision" : "e5777165170c2b77562ceb22eaffec8cbc48a69f"
      }
    },
    {
      "identity" : "rcpreferences",
      "kind" : "remoteSourceControl",
      "location" : "https://github.com/cristibaluta/RCPreferences.git",
      "state" : {
        "branch" : "master",
        "revision" : "369cde53cbc4d44fd9f4ae74c67c18ec23176657"
      }
    }
  ],
  "version" : 3
}
